
Microsoft Visual Studio Solution File, Format Version 12.00
Project("{2150E333-8FDC-42A3-9474-1A3956D46DE8}") = "Solution Items", "Solution Items", "{534341DC-798A-47A3-A9FC-79D42BD75984}"
	ProjectSection(SolutionItems) = preProject
		.gitignore = .gitignore
		Changelog.md = Changelog.md
		Readme.md = Readme.md
		Build\Build.Configuration.cs = Build\Build.Configuration.cs
	EndProjectSection
EndProject
Project("{7B402AF4-15B4-437A-BEC7-5CB87DD2671E}") = "Build", "build\Build.csproj", "{28768E6C-7C51-43F3-BB29-8E6F82AF6C63}"
EndProject
Project("{7B402AF4-15B4-437A-BEC7-5CB87DD2671E}") = "Installer", "install\Installer.csproj", "{FE3D5076-EC50-4599-BEF0-9BEF47704A7A}"
EndProject
Project("{2150E333-8FDC-42A3-9474-1A3956D46DE8}") = "Build", "Build", "{D9A8DAF2-90E3-4231-8248-088D646323EE}"
EndProject
Project("{FAE04EC0-301F-11D3-BF4B-00C04F79EFBC}") = "RevitWebView2.Application", "source\RevitWebView2.Application\RevitWebView2.Application.csproj", "{3D283839-AD77-4C94-AF18-4802362B9C3A}"
EndProject
Project("{FAE04EC0-301F-11D3-BF4B-00C04F79EFBC}") = "RevitWebView2.Browser", "source\RevitWebView2.Browser\RevitWebView2.Browser.csproj", "{6C964EAD-E609-4D5B-A71D-36C4FCCDDA85}"
EndProject
Project("{2150E333-8FDC-42A3-9474-1A3956D46DE8}") = "Database", "Database", "{787462FE-FF72-426F-8B2E-E73582E7E7F6}"
EndProject
Project("{FAE04EC0-301F-11D3-BF4B-00C04F79EFBC}") = "SchemaMigrations.Abstractions", "source\SchemaMigrations.Abstractions\SchemaMigrations.Abstractions.csproj", "{4F42D247-FA5F-47AE-B33A-EA62F76D3AE2}"
EndProject
Project("{FAE04EC0-301F-11D3-BF4B-00C04F79EFBC}") = "SchemaMigrations.Database", "source\SchemaMigrations.Database\SchemaMigrations.Database.csproj", "{DC9321BA-5DBC-487D-81A7-545F04464799}"
EndProject
Global
	GlobalSection(SolutionConfigurationPlatforms) = preSolution
		Debug R21|Any CPU = Debug R21|Any CPU
		Debug R22|Any CPU = Debug R22|Any CPU
		Debug R23|Any CPU = Debug R23|Any CPU
		Debug R24|Any CPU = Debug R24|Any CPU
		Debug R25|Any CPU = Debug R25|Any CPU
		Release R21|Any CPU = Release R21|Any CPU
		Release R22|Any CPU = Release R22|Any CPU
		Release R23|Any CPU = Release R23|Any CPU
		Release R24|Any CPU = Release R24|Any CPU
		Release R25|Any CPU = Release R25|Any CPU
		Installer|Any CPU = Installer|Any CPU
	EndGlobalSection
	GlobalSection(ProjectConfigurationPlatforms) = postSolution
		{28768E6C-7C51-43F3-BB29-8E6F82AF6C63}.Debug R21|Any CPU.ActiveCfg = Debug|Any CPU
		{28768E6C-7C51-43F3-BB29-8E6F82AF6C63}.Debug R22|Any CPU.ActiveCfg = Debug|Any CPU
		{28768E6C-7C51-43F3-BB29-8E6F82AF6C63}.Debug R23|Any CPU.ActiveCfg = Debug|Any CPU
		{28768E6C-7C51-43F3-BB29-8E6F82AF6C63}.Debug R24|Any CPU.ActiveCfg = Debug|Any CPU
		{28768E6C-7C51-43F3-BB29-8E6F82AF6C63}.Debug R25|Any CPU.ActiveCfg = Debug|Any CPU
		{28768E6C-7C51-43F3-BB29-8E6F82AF6C63}.Release R21|Any CPU.ActiveCfg = Release|Any CPU
		{28768E6C-7C51-43F3-BB29-8E6F82AF6C63}.Release R22|Any CPU.ActiveCfg = Release|Any CPU
		{28768E6C-7C51-43F3-BB29-8E6F82AF6C63}.Release R23|Any CPU.ActiveCfg = Release|Any CPU
		{28768E6C-7C51-43F3-BB29-8E6F82AF6C63}.Release R24|Any CPU.ActiveCfg = Release|Any CPU
		{28768E6C-7C51-43F3-BB29-8E6F82AF6C63}.Release R25|Any CPU.ActiveCfg = Release|Any CPU
		{28768E6C-7C51-43F3-BB29-8E6F82AF6C63}.Installer|Any CPU.ActiveCfg = Release|Any CPU
		{FE3D5076-EC50-4599-BEF0-9BEF47704A7A}.Debug R21|Any CPU.ActiveCfg = Debug|Any CPU
		{FE3D5076-EC50-4599-BEF0-9BEF47704A7A}.Debug R22|Any CPU.ActiveCfg = Debug|Any CPU
		{FE3D5076-EC50-4599-BEF0-9BEF47704A7A}.Debug R23|Any CPU.ActiveCfg = Debug|Any CPU
		{FE3D5076-EC50-4599-BEF0-9BEF47704A7A}.Debug R24|Any CPU.ActiveCfg = Debug|Any CPU
		{FE3D5076-EC50-4599-BEF0-9BEF47704A7A}.Debug R25|Any CPU.ActiveCfg = Debug|Any CPU
		{FE3D5076-EC50-4599-BEF0-9BEF47704A7A}.Release R21|Any CPU.ActiveCfg = Release|Any CPU
		{FE3D5076-EC50-4599-BEF0-9BEF47704A7A}.Release R22|Any CPU.ActiveCfg = Release|Any CPU
		{FE3D5076-EC50-4599-BEF0-9BEF47704A7A}.Release R23|Any CPU.ActiveCfg = Release|Any CPU
		{FE3D5076-EC50-4599-BEF0-9BEF47704A7A}.Release R24|Any CPU.ActiveCfg = Release|Any CPU
		{FE3D5076-EC50-4599-BEF0-9BEF47704A7A}.Release R25|Any CPU.ActiveCfg = Release|Any CPU
		{FE3D5076-EC50-4599-BEF0-9BEF47704A7A}.Installer|Any CPU.ActiveCfg = Release|Any CPU
		{FE3D5076-EC50-4599-BEF0-9BEF47704A7A}.Installer|Any CPU.Build.0 = Release|Any CPU
		{3D283839-AD77-4C94-AF18-4802362B9C3A}.Debug R21|Any CPU.ActiveCfg = Debug R21|Any CPU
		{3D283839-AD77-4C94-AF18-4802362B9C3A}.Debug R21|Any CPU.Build.0 = Debug R21|Any CPU
		{3D283839-AD77-4C94-AF18-4802362B9C3A}.Debug R22|Any CPU.ActiveCfg = Debug R22|Any CPU
		{3D283839-AD77-4C94-AF18-4802362B9C3A}.Debug R22|Any CPU.Build.0 = Debug R22|Any CPU
		{3D283839-AD77-4C94-AF18-4802362B9C3A}.Debug R23|Any CPU.ActiveCfg = Debug R23|Any CPU
		{3D283839-AD77-4C94-AF18-4802362B9C3A}.Debug R23|Any CPU.Build.0 = Debug R23|Any CPU
		{3D283839-AD77-4C94-AF18-4802362B9C3A}.Debug R24|Any CPU.ActiveCfg = Debug R24|Any CPU
		{3D283839-AD77-4C94-AF18-4802362B9C3A}.Debug R24|Any CPU.Build.0 = Debug R24|Any CPU
		{3D283839-AD77-4C94-AF18-4802362B9C3A}.Debug R25|Any CPU.ActiveCfg = Debug R25|Any CPU
		{3D283839-AD77-4C94-AF18-4802362B9C3A}.Debug R25|Any CPU.Build.0 = Debug R25|Any CPU
		{3D283839-AD77-4C94-AF18-4802362B9C3A}.Release R21|Any CPU.ActiveCfg = Release R21|Any CPU
		{3D283839-AD77-4C94-AF18-4802362B9C3A}.Release R21|Any CPU.Build.0 = Release R21|Any CPU
		{3D283839-AD77-4C94-AF18-4802362B9C3A}.Release R22|Any CPU.ActiveCfg = Release R22|Any CPU
		{3D283839-AD77-4C94-AF18-4802362B9C3A}.Release R22|Any CPU.Build.0 = Release R22|Any CPU
		{3D283839-AD77-4C94-AF18-4802362B9C3A}.Release R23|Any CPU.ActiveCfg = Release R23|Any CPU
		{3D283839-AD77-4C94-AF18-4802362B9C3A}.Release R23|Any CPU.Build.0 = Release R23|Any CPU
		{3D283839-AD77-4C94-AF18-4802362B9C3A}.Release R24|Any CPU.ActiveCfg = Release R24|Any CPU
		{3D283839-AD77-4C94-AF18-4802362B9C3A}.Release R24|Any CPU.Build.0 = Release R24|Any CPU
		{3D283839-AD77-4C94-AF18-4802362B9C3A}.Release R25|Any CPU.ActiveCfg = Release R25|Any CPU
		{3D283839-AD77-4C94-AF18-4802362B9C3A}.Release R25|Any CPU.Build.0 = Release R25|Any CPU
		{3D283839-AD77-4C94-AF18-4802362B9C3A}.Installer|Any CPU.ActiveCfg = Debug R25|Any CPU
		{6C964EAD-E609-4D5B-A71D-36C4FCCDDA85}.Debug R21|Any CPU.ActiveCfg = Debug R21|Any CPU
		{6C964EAD-E609-4D5B-A71D-36C4FCCDDA85}.Debug R21|Any CPU.Build.0 = Debug R21|Any CPU
		{6C964EAD-E609-4D5B-A71D-36C4FCCDDA85}.Debug R22|Any CPU.ActiveCfg = Debug R22|Any CPU
		{6C964EAD-E609-4D5B-A71D-36C4FCCDDA85}.Debug R22|Any CPU.Build.0 = Debug R22|Any CPU
		{6C964EAD-E609-4D5B-A71D-36C4FCCDDA85}.Debug R23|Any CPU.ActiveCfg = Debug R23|Any CPU
		{6C964EAD-E609-4D5B-A71D-36C4FCCDDA85}.Debug R23|Any CPU.Build.0 = Debug R23|Any CPU
		{6C964EAD-E609-4D5B-A71D-36C4FCCDDA85}.Debug R24|Any CPU.ActiveCfg = Debug R24|Any CPU
		{6C964EAD-E609-4D5B-A71D-36C4FCCDDA85}.Debug R24|Any CPU.Build.0 = Debug R24|Any CPU
		{6C964EAD-E609-4D5B-A71D-36C4FCCDDA85}.Debug R25|Any CPU.ActiveCfg = Debug R25|Any CPU
		{6C964EAD-E609-4D5B-A71D-36C4FCCDDA85}.Debug R25|Any CPU.Build.0 = Debug R25|Any CPU
		{6C964EAD-E609-4D5B-A71D-36C4FCCDDA85}.Release R21|Any CPU.ActiveCfg = Release R21|Any CPU
		{6C964EAD-E609-4D5B-A71D-36C4FCCDDA85}.Release R21|Any CPU.Build.0 = Release R21|Any CPU
		{6C964EAD-E609-4D5B-A71D-36C4FCCDDA85}.Release R22|Any CPU.ActiveCfg = Release R22|Any CPU
		{6C964EAD-E609-4D5B-A71D-36C4FCCDDA85}.Release R22|Any CPU.Build.0 = Release R22|Any CPU
		{6C964EAD-E609-4D5B-A71D-36C4FCCDDA85}.Release R23|Any CPU.ActiveCfg = Release R23|Any CPU
		{6C964EAD-E609-4D5B-A71D-36C4FCCDDA85}.Release R23|Any CPU.Build.0 = Release R23|Any CPU
		{6C964EAD-E609-4D5B-A71D-36C4FCCDDA85}.Release R24|Any CPU.ActiveCfg = Release R24|Any CPU
		{6C964EAD-E609-4D5B-A71D-36C4FCCDDA85}.Release R24|Any CPU.Build.0 = Release R24|Any CPU
		{6C964EAD-E609-4D5B-A71D-36C4FCCDDA85}.Release R25|Any CPU.ActiveCfg = Release R25|Any CPU
		{6C964EAD-E609-4D5B-A71D-36C4FCCDDA85}.Release R25|Any CPU.Build.0 = Release R25|Any CPU
		{6C964EAD-E609-4D5B-A71D-36C4FCCDDA85}.Installer|Any CPU.ActiveCfg = Debug R25|Any CPU
		{4F42D247-FA5F-47AE-B33A-EA62F76D3AE2}.Debug R21|Any CPU.ActiveCfg = Debug|Any CPU
		{4F42D247-FA5F-47AE-B33A-EA62F76D3AE2}.Debug R21|Any CPU.Build.0 = Debug|Any CPU
		{4F42D247-FA5F-47AE-B33A-EA62F76D3AE2}.Debug R22|Any CPU.ActiveCfg = Debug|Any CPU
		{4F42D247-FA5F-47AE-B33A-EA62F76D3AE2}.Debug R22|Any CPU.Build.0 = Debug|Any CPU
		{4F42D247-FA5F-47AE-B33A-EA62F76D3AE2}.Debug R23|Any CPU.ActiveCfg = Debug|Any CPU
		{4F42D247-FA5F-47AE-B33A-EA62F76D3AE2}.Debug R23|Any CPU.Build.0 = Debug|Any CPU
		{4F42D247-FA5F-47AE-B33A-EA62F76D3AE2}.Debug R24|Any CPU.ActiveCfg = Debug|Any CPU
		{4F42D247-FA5F-47AE-B33A-EA62F76D3AE2}.Debug R24|Any CPU.Build.0 = Debug|Any CPU
		{4F42D247-FA5F-47AE-B33A-EA62F76D3AE2}.Debug R25|Any CPU.ActiveCfg = Debug|Any CPU
		{4F42D247-FA5F-47AE-B33A-EA62F76D3AE2}.Debug R25|Any CPU.Build.0 = Debug|Any CPU
		{4F42D247-FA5F-47AE-B33A-EA62F76D3AE2}.Release R21|Any CPU.ActiveCfg = Debug|Any CPU
		{4F42D247-FA5F-47AE-B33A-EA62F76D3AE2}.Release R21|Any CPU.Build.0 = Debug|Any CPU
		{4F42D247-FA5F-47AE-B33A-EA62F76D3AE2}.Installer|Any CPU.ActiveCfg = Debug|Any CPU
		{4F42D247-FA5F-47AE-B33A-EA62F76D3AE2}.Release R22|Any CPU.ActiveCfg = Release|Any CPU
		{4F42D247-FA5F-47AE-B33A-EA62F76D3AE2}.Release R22|Any CPU.Build.0 = Release|Any CPU
		{4F42D247-FA5F-47AE-B33A-EA62F76D3AE2}.Release R23|Any CPU.ActiveCfg = Release|Any CPU
		{4F42D247-FA5F-47AE-B33A-EA62F76D3AE2}.Release R23|Any CPU.Build.0 = Release|Any CPU
		{4F42D247-FA5F-47AE-B33A-EA62F76D3AE2}.Release R24|Any CPU.ActiveCfg = Release|Any CPU
		{4F42D247-FA5F-47AE-B33A-EA62F76D3AE2}.Release R24|Any CPU.Build.0 = Release|Any CPU
		{4F42D247-FA5F-47AE-B33A-EA62F76D3AE2}.Release R25|Any CPU.ActiveCfg = Release|Any CPU
		{4F42D247-FA5F-47AE-B33A-EA62F76D3AE2}.Release R25|Any CPU.Build.0 = Release|Any CPU
		{DC9321BA-5DBC-487D-81A7-545F04464799}.Debug R21|Any CPU.ActiveCfg = Debug R21|Any CPU
		{DC9321BA-5DBC-487D-81A7-545F04464799}.Debug R21|Any CPU.Build.0 = Debug R21|Any CPU
		{DC9321BA-5DBC-487D-81A7-545F04464799}.Debug R22|Any CPU.ActiveCfg = Debug R22|Any CPU
		{DC9321BA-5DBC-487D-81A7-545F04464799}.Debug R22|Any CPU.Build.0 = Debug R22|Any CPU
		{DC9321BA-5DBC-487D-81A7-545F04464799}.Debug R23|Any CPU.ActiveCfg = Debug R23|Any CPU
		{DC9321BA-5DBC-487D-81A7-545F04464799}.Debug R23|Any CPU.Build.0 = Debug R23|Any CPU
		{DC9321BA-5DBC-487D-81A7-545F04464799}.Debug R24|Any CPU.ActiveCfg = Debug R24|Any CPU
		{DC9321BA-5DBC-487D-81A7-545F04464799}.Debug R24|Any CPU.Build.0 = Debug R24|Any CPU
		{DC9321BA-5DBC-487D-81A7-545F04464799}.Debug R25|Any CPU.ActiveCfg = Debug R25|Any CPU
		{DC9321BA-5DBC-487D-81A7-545F04464799}.Debug R25|Any CPU.Build.0 = Debug R25|Any CPU
		{DC9321BA-5DBC-487D-81A7-545F04464799}.Release R21|Any CPU.ActiveCfg = Release R21|Any CPU
		{DC9321BA-5DBC-487D-81A7-545F04464799}.Release R21|Any CPU.Build.0 = Release R21|Any CPU
		{DC9321BA-5DBC-487D-81A7-545F04464799}.Release R22|Any CPU.ActiveCfg = Release R22|Any CPU
		{DC9321BA-5DBC-487D-81A7-545F04464799}.Release R22|Any CPU.Build.0 = Release R22|Any CPU
		{DC9321BA-5DBC-487D-81A7-545F04464799}.Release R23|Any CPU.ActiveCfg = Release R23|Any CPU
		{DC9321BA-5DBC-487D-81A7-545F04464799}.Release R23|Any CPU.Build.0 = Release R23|Any CPU
		{DC9321BA-5DBC-487D-81A7-545F04464799}.Release R24|Any CPU.ActiveCfg = Release R24|Any CPU
		{DC9321BA-5DBC-487D-81A7-545F04464799}.Release R24|Any CPU.Build.0 = Release R24|Any CPU
		{DC9321BA-5DBC-487D-81A7-545F04464799}.Release R25|Any CPU.ActiveCfg = Release R25|Any CPU
		{DC9321BA-5DBC-487D-81A7-545F04464799}.Release R25|Any CPU.Build.0 = Release R25|Any CPU
		{DC9321BA-5DBC-487D-81A7-545F04464799}.Installer|Any CPU.ActiveCfg = Release R25|Any CPU
	EndGlobalSection
	GlobalSection(NestedProjects) = preSolution
		{FE3D5076-EC50-4599-BEF0-9BEF47704A7A} = {D9A8DAF2-90E3-4231-8248-088D646323EE}
		{28768E6C-7C51-43F3-BB29-8E6F82AF6C63} = {D9A8DAF2-90E3-4231-8248-088D646323EE}
		{4F42D247-FA5F-47AE-B33A-EA62F76D3AE2} = {787462FE-FF72-426F-8B2E-E73582E7E7F6}
		{DC9321BA-5DBC-487D-81A7-545F04464799} = {787462FE-FF72-426F-8B2E-E73582E7E7F6}
	EndGlobalSection
EndGlobal
